// !$*UTF8*$!
{
	archiveVersion = 1;
	classes = {
	};
	objectVersion = 46;
	objects = {

/* Begin PBXBuildFile section */
		C81EB958171BB84C001E7A15 /* UIKit.framework in Frameworks */ = {isa = PBXBuildFile; fileRef = C81EB957171BB84C001E7A15 /* UIKit.framework */; };
		C81EB95A171BB84C001E7A15 /* Foundation.framework in Frameworks */ = {isa = PBXBuildFile; fileRef = C81EB959171BB84C001E7A15 /* Foundation.framework */; };
		C81EB95C171BB84C001E7A15 /* CoreGraphics.framework in Frameworks */ = {isa = PBXBuildFile; fileRef = C81EB95B171BB84C001E7A15 /* CoreGraphics.framework */; };
		C81EB962171BB84C001E7A15 /* InfoPlist.strings in Resources */ = {isa = PBXBuildFile; fileRef = C81EB960171BB84C001E7A15 /* InfoPlist.strings */; };
		C81EB964171BB84C001E7A15 /* main.m in Sources */ = {isa = PBXBuildFile; fileRef = C81EB963171BB84C001E7A15 /* main.m */; };
		C81EB968171BB84C001E7A15 /* AppDelegate.m in Sources */ = {isa = PBXBuildFile; fileRef = C81EB967171BB84C001E7A15 /* AppDelegate.m */; };
		C81EB96A171BB84C001E7A15 /* Default.png in Resources */ = {isa = PBXBuildFile; fileRef = C81EB969171BB84C001E7A15 /* Default.png */; };
		C81EB96C171BB84C001E7A15 /* Default@2x.png in Resources */ = {isa = PBXBuildFile; fileRef = C81EB96B171BB84C001E7A15 /* Default@2x.png */; };
		C81EB96E171BB84C001E7A15 /* Default-568h@2x.png in Resources */ = {isa = PBXBuildFile; fileRef = C81EB96D171BB84C001E7A15 /* Default-568h@2x.png */; };
		C81EB971171BB84C001E7A15 /* MainStoryboard_iPhone.storyboard in Resources */ = {isa = PBXBuildFile; fileRef = C81EB96F171BB84C001E7A15 /* MainStoryboard_iPhone.storyboard */; };
		C81EB974171BB84C001E7A15 /* MainStoryboard_iPad.storyboard in Resources */ = {isa = PBXBuildFile; fileRef = C81EB972171BB84C001E7A15 /* MainStoryboard_iPad.storyboard */; };
		C81EB977171BB84C001E7A15 /* ViewController.m in Sources */ = {isa = PBXBuildFile; fileRef = C81EB976171BB84C001E7A15 /* ViewController.m */; };
		C81EB97E171BB870001E7A15 /* Social.framework in Frameworks */ = {isa = PBXBuildFile; fileRef = C81EB97D171BB870001E7A15 /* Social.framework */; };
/* End PBXBuildFile section */

/* Begin PBXFileReference section */
		C81EB954171BB84C001E7A15 /* FastFacebook.app */ = {isa = PBXFileReference; explicitFileType = wrapper.application; includeInIndex = 0; path = FastFacebook.app; sourceTree = BUILT_PRODUCTS_DIR; };
		C81EB957171BB84C001E7A15 /* UIKit.framework */ = {isa = PBXFileReference; lastKnownFileType = wrapper.framework; name = UIKit.framework; path = System/Library/Frameworks/UIKit.framework; sourceTree = SDKROOT; };
		C81EB959171BB84C001E7A15 /* Foundation.framework */ = {isa = PBXFileReference; lastKnownFileType = wrapper.framework; name = Foundation.framework; path = System/Library/Frameworks/Foundation.framework; sourceTree = SDKROOT; };
		C81EB95B171BB84C001E7A15 /* CoreGraphics.framework */ = {isa = PBXFileReference; lastKnownFileType = wrapper.framework; name = CoreGraphics.framework; path = System/Library/Frameworks/CoreGraphics.framework; sourceTree = SDKROOT; };
		C81EB95F171BB84C001E7A15 /* FastFacebook-Info.plist */ = {isa = PBXFileReference; lastKnownFileType = text.plist.xml; path = "FastFacebook-Info.plist"; sourceTree = "<group>"; };
		C81EB961171BB84C001E7A15 /* en */ = {isa = PBXFileReference; lastKnownFileType = text.plist.strings; name = en; path = en.lproj/InfoPlist.strings; sourceTree = "<group>"; };
		C81EB963171BB84C001E7A15 /* main.m */ = {isa = PBXFileReference; lastKnownFileType = sourcecode.c.objc; path = main.m; sourceTree = "<group>"; };
		C81EB965171BB84C001E7A15 /* FastFacebook-Prefix.pch */ = {isa = PBXFileReference; lastKnownFileType = sourcecode.c.h; path = "FastFacebook-Prefix.pch"; sourceTree = "<group>"; };
		C81EB966171BB84C001E7A15 /* AppDelegate.h */ = {isa = PBXFileReference; lastKnownFileType = sourcecode.c.h; path = AppDelegate.h; sourceTree = "<group>"; };
		C81EB967171BB84C001E7A15 /* AppDelegate.m */ = {isa = PBXFileReference; lastKnownFileType = sourcecode.c.objc; path = AppDelegate.m; sourceTree = "<group>"; };
		C81EB969171BB84C001E7A15 /* Default.png */ = {isa = PBXFileReference; lastKnownFileType = image.png; path = Default.png; sourceTree = "<group>"; };
		C81EB96B171BB84C001E7A15 /* Default@2x.png */ = {isa = PBXFileReference; lastKnownFileType = image.png; path = "Default@2x.png"; sourceTree = "<group>"; };
		C81EB96D171BB84C001E7A15 /* Default-568h@2x.png */ = {isa = PBXFileReference; lastKnownFileType = image.png; path = "Default-568h@2x.png"; sourceTree = "<group>"; };
		C81EB970171BB84C001E7A15 /* en */ = {isa = PBXFileReference; lastKnownFileType = file.storyboard; name = en; path = en.lproj/MainStoryboard_iPhone.storyboard; sourceTree = "<group>"; };
		C81EB973171BB84C001E7A15 /* en */ = {isa = PBXFileReference; lastKnownFileType = file.storyboard; name = en; path = en.lproj/MainStoryboard_iPad.storyboard; sourceTree = "<group>"; };
		C81EB975171BB84C001E7A15 /* ViewController.h */ = {isa = PBXFileReference; lastKnownFileType = sourcecode.c.h; path = ViewController.h; sourceTree = "<group>"; };
		C81EB976171BB84C001E7A15 /* ViewController.m */ = {isa = PBXFileReference; lastKnownFileType = sourcecode.c.objc; path = ViewController.m; sourceTree = "<group>"; };
		C81EB97D171BB870001E7A15 /* Social.framework */ = {isa = PBXFileReference; lastKnownFileType = wrapper.framework; name = Social.framework; path = System/Library/Frameworks/Social.framework; sourceTree = SDKROOT; };
/* End PBXFileReference section */

/* Begin PBXFrameworksBuildPhase section */
		C81EB951171BB84C001E7A15 /* Frameworks */ = {
			isa = PBXFrameworksBuildPhase;
			buildActionMask = 2147483647;
			files = (
				C81EB97E171BB870001E7A15 /* Social.framework in Frameworks */,
				C81EB958171BB84C001E7A15 /* UIKit.framework in Frameworks */,
				C81EB95A171BB84C001E7A15 /* Foundation.framework in Frameworks */,
				C81EB95C171BB84C001E7A15 /* CoreGraphics.framework in Frameworks */,
			);
			runOnlyForDeploymentPostprocessing = 0;
		};
/* End PBXFrameworksBuildPhase section */

/* Begin PBXGroup section */
		C81EB94B171BB84C001E7A15 = {
			isa = PBXGroup;
			children = (
				C81EB97D171BB870001E7A15 /* Social.framework */,
				C81EB95D171BB84C001E7A15 /* FastFacebook */,
				C81EB956171BB84C001E7A15 /* Frameworks */,
				C81EB955171BB84C001E7A15 /* Products */,
			);
			sourceTree = "<group>";
		};
		C81EB955171BB84C001E7A15 /* Products */ = {
			isa = PBXGroup;
			children = (
				C81EB954171BB84C001E7A15 /* FastFacebook.app */,
			);
			name = Products;
			sourceTree = "<group>";
		};
		C81EB956171BB84C001E7A15 /* Frameworks */ = {
			isa = PBXGroup;
			children = (
				C81EB957171BB84C001E7A15 /* UIKit.framework */,
				C81EB959171BB84C001E7A15 /* Foundation.framework */,
				C81EB95B171BB84C001E7A15 /* CoreGraphics.framework */,
			);
			name = Frameworks;
			sourceTree = "<group>";
		};
		C81EB95D171BB84C001E7A15 /* FastFacebook */ = {
			isa = PBXGroup;
			children = (
				C81EB966171BB84C001E7A15 /* AppDelegate.h */,
				C81EB967171BB84C001E7A15 /* AppDelegate.m */,
				C81EB96F171BB84C001E7A15 /* MainStoryboard_iPhone.storyboard */,
				C81EB972171BB84C001E7A15 /* MainStoryboard_iPad.storyboard */,
				C81EB975171BB84C001E7A15 /* ViewController.h */,
				C81EB976171BB84C001E7A15 /* ViewController.m */,
				C81EB95E171BB84C001E7A15 /* Supporting Files */,
			);
			path = FastFacebook;
			sourceTree = "<group>";
		};
		C81EB95E171BB84C001E7A15 /* Supporting Files */ = {
			isa = PBXGroup;
			children = (
				C81EB95F171BB84C001E7A15 /* FastFacebook-Info.plist */,
				C81EB960171BB84C001E7A15 /* InfoPlist.strings */,
				C81EB963171BB84C001E7A15 /* main.m */,
				C81EB965171BB84C001E7A15 /* FastFacebook-Prefix.pch */,
				C81EB969171BB84C001E7A15 /* Default.png */,
				C81EB96B171BB84C001E7A15 /* Default@2x.png */,
				C81EB96D171BB84C001E7A15 /* Default-568h@2x.png */,
			);
			name = "Supporting Files";
			sourceTree = "<group>";
		};
/* End PBXGroup section */

/* Begin PBXNativeTarget section */
		C81EB953171BB84C001E7A15 /* FastFacebook */ = {
			isa = PBXNativeTarget;
			buildConfigurationList = C81EB97A171BB84C001E7A15 /* Build configuration list for PBXNativeTarget "FastFacebook" */;
			buildPhases = (
				C81EB950171BB84C001E7A15 /* Sources */,
				C81EB951171BB84C001E7A15 /* Frameworks */,
				C81EB952171BB84C001E7A15 /* Resources */,
			);
			buildRules = (
			);
			dependencies = (
			);
			name = FastFacebook;
			productName = FastFacebook;
			productReference = C81EB954171BB84C001E7A15 /* FastFacebook.app */;
			productType = "com.apple.product-type.application";
		};
/* End PBXNativeTarget section */

/* Begin PBXProject section */
		C81EB94C171BB84C001E7A15 /* Project object */ = {
			isa = PBXProject;
			attributes = {
				LastUpgradeCheck = 0460;
				ORGANIZATIONNAME = "OneHeaded Llama";
			};
			buildConfigurationList = C81EB94F171BB84C001E7A15 /* Build configuration list for PBXProject "FastFacebook" */;
			compatibilityVersion = "Xcode 3.2";
			developmentRegion = English;
			hasScannedForEncodings = 0;
			knownRegions = (
				en,
			);
			mainGroup = C81EB94B171BB84C001E7A15;
			productRefGroup = C81EB955171BB84C001E7A15 /* Products */;
			projectDirPath = "";
			projectRoot = "";
			targets = (
				C81EB953171BB84C001E7A15 /* FastFacebook */,
			);
		};
/* End PBXProject section */

/* Begin PBXResourcesBuildPhase section */
		C81EB952171BB84C001E7A15 /* Resources */ = {
			isa = PBXResourcesBuildPhase;
			buildActionMask = 2147483647;
			files = (
				C81EB962171BB84C001E7A15 /* InfoPlist.strings in Resources */,
				C81EB96A171BB84C001E7A15 /* Default.png in Resources */,
				C81EB96C171BB84C001E7A15 /* Default@2x.png in Resources */,
				C81EB96E171BB84C001E7A15 /* Default-568h@2x.png in Resources */,
				C81EB971171BB84C001E7A15 /* MainStoryboard_iPhone.storyboard in Resources */,
				C81EB974171BB84C001E7A15 /* MainStoryboard_iPad.storyboard in Resources */,
			);
			runOnlyForDeploymentPostprocessing = 0;
		};
/* End PBXResourcesBuildPhase section */

/* Begin PBXSourcesBuildPhase section */
		C81EB950171BB84C001E7A15 /* Sources */ = {
			isa = PBXSourcesBuildPhase;
			buildActionMask = 2147483647;
			files = (
				C81EB964171BB84C001E7A15 /* main.m in Sources */,
				C81EB968171BB84C001E7A15 /* AppDelegate.m in Sources */,
				C81EB977171BB84C001E7A15 /* ViewController.m in Sources */,
			);
			runOnlyForDeploymentPostprocessing = 0;
		};
/* End PBXSourcesBuildPhase section */

/* Begin PBXVariantGroup section */
		C81EB960171BB84C001E7A15 /* InfoPlist.strings */ = {
			isa = PBXVariantGroup;
			children = (
				C81EB961171BB84C001E7A15 /* en */,
			);
			name = InfoPlist.strings;
			sourceTree = "<group>";
		};
		C81EB96F171BB84C001E7A15 /* MainStoryboard_iPhone.storyboard */ = {
			isa = PBXVariantGroup;
			children = (
				C81EB970171BB84C001E7A15 /* en */,
			);
			name = MainStoryboard_iPhone.storyboard;
			sourceTree = "<group>";
		};
		C81EB972171BB84C001E7A15 /* MainStoryboard_iPad.storyboard */ = {
			isa = PBXVariantGroup;
			children = (
				C81EB973171BB84C001E7A15 /* en */,
			);
			name = MainStoryboard_iPad.storyboard;
			sourceTree = "<group>";
		};
/* End PBXVariantGroup section */

/* Begin XCBuildConfiguration section */
		C81EB978171BB84C001E7A15 /* Debug */ = {
			isa = XCBuildConfiguration;
			buildSettings = {
				ALWAYS_SEARCH_USER_PATHS = NO;
				CLANG_CXX_LANGUAGE_STANDARD = "gnu++0x";
				CLANG_CXX_LIBRARY = "libc++";
				CLANG_ENABLE_OBJC_ARC = YES;
				CLANG_WARN_CONSTANT_CONVERSION = YES;
				CLANG_WARN_EMPTY_BODY = YES;
				CLANG_WARN_ENUM_CONVERSION = YES;
				CLANG_WARN_INT_CONVERSION = YES;
				CLANG_WARN__DUPLICATE_METHOD_MATCH = YES;
				"CODE_SIGN_IDENTITY[sdk=iphoneos*]" = "iPhone Developer";
				COPY_PHASE_STRIP = NO;
				GCC_C_LANGUAGE_STANDARD = gnu99;
				GCC_DYNAMIC_NO_PIC = NO;
				GCC_OPTIMIZATION_LEVEL = 0;
				GCC_PREPROCESSOR_DEFINITIONS = (
					"DEBUG=1",
					"$(inherited)",
				);
				GCC_SYMBOLS_PRIVATE_EXTERN = NO;
				GCC_WARN_ABOUT_RETURN_TYPE = YES;
				GCC_WARN_UNINITIALIZED_AUTOS = YES;
				GCC_WARN_UNUSED_VARIABLE = YES;
				IPHONEOS_DEPLOYMENT_TARGET = 6.1;
				ONLY_ACTIVE_ARCH = YES;
				SDKROOT = iphoneos;
				TARGETED_DEVICE_FAMILY = "1,2";
			};
			name = Debug;
		};
		C81EB979171BB84C001E7A15 /* Release */ = {
			isa = XCBuildConfiguration;
			buildSettings = {
				ALWAYS_SEARCH_USER_PATHS = NO;
				CLANG_CXX_LANGUAGE_STANDARD = "gnu++0x";
				CLANG_CXX_LIBRARY = "libc++";
				CLANG_ENABLE_OBJC_ARC = YES;
				CLANG_WARN_CONSTANT_CONVERSION = YES;
				CLANG_WARN_EMPTY_BODY = YES;
				CLANG_WARN_ENUM_CONVERSION = YES;
				CLANG_WARN_INT_CONVERSION = YES;
				CLANG_WARN__DUPLICATE_METHOD_MATCH = YES;
				"CODE_SIGN_IDENTITY[sdk=iphoneos*]" = "iPhone Developer";
				COPY_PHASE_STRIP = YES;
				GCC_C_LANGUAGE_STANDARD = gnu99;
				GCC_WARN_ABOUT_RETURN_TYPE = YES;
				GCC_WARN_UNINITIALIZED_AUTOS = YES;
				GCC_WARN_UNUSED_VARIABLE = YES;
				IPHONEOS_DEPLOYMENT_TARGET = 6.1;
				OTHER_CFLAGS = "-DNS_BLOCK_ASSERTIONS=1";
				SDKROOT = iphoneos;
				TARGETED_DEVICE_FAMILY = "1,2";
				VALIDATE_PRODUCT = YES;
			};
			name = Release;
		};
		C81EB97B171BB84C001E7A15 /* Debug */ = {
			isa = XCBuildConfiguration;
			buildSettings = {
				GCC_PRECOMPILE_PREFIX_HEADER = YES;
				GCC_PREFIX_HEADER = "FastFacebook/FastFacebook-Prefix.pch";
				INFOPLIST_FILE = "FastFacebook/FastFacebook-Info.plist";
				PRODUCT_NAME = "$(TARGET_NAME)";
				WRAPPER_EXTENSION = app;
			};
			name = Debug;
		};
		C81EB97C171BB84C001E7A15 /* Release */ = {
			isa = XCBuildConfiguration;
			buildSettings = {
				GCC_PRECOMPILE_PREFIX_HEADER = YES;
				GCC_PREFIX_HEADER = "FastFacebook/FastFacebook-Prefix.pch";
				INFOPLIST_FILE = "FastFacebook/FastFacebook-Info.plist";
				PRODUCT_NAME = "$(TARGET_NAME)";
				WRAPPER_EXTENSION = app;
			};
			name = Release;
		};
/* End XCBuildConfiguration section */

/* Begin XCConfigurationList section */
		C81EB94F171BB84C001E7A15 /* Build configuration list for PBXProject "FastFacebook" */ = {
			isa = XCConfigurationList;
			buildConfigurations = (
				C81EB978171BB84C001E7A15 /* Debug */,
				C81EB979171BB84C001E7A15 /* Release */,
			);
			defaultConfigurationIsVisible = 0;
			defaultConfigurationName = Release;
		};
		C81EB97A171BB84C001E7A15 /* Build configuration list for PBXNativeTarget "FastFacebook" */ = {
			isa = XCConfigurationList;
			buildConfigurations = (
				C81EB97B171BB84C001E7A15 /* Debug */,
				C81EB97C171BB84C001E7A15 /* Release */,
			);
			defaultConfigurationIsVisible = 0;
		};
/* End XCConfigurationList section */
	};
	rootObject = C81EB94C171BB84C001E7A15 /* Project object */;
}
